
Microsoft Visual Studio Solution File, Format Version 12.00
# Visual Studio 15
VisualStudioVersion = 15.0.26430.14
MinimumVisualStudioVersion = 10.0.40219.1
Project("{2150E333-8FDC-42A3-9474-1A3956D46DE8}") = "Solution Items", "Solution Items", "{86CAB56B-4F45-4CF6-99BF-B21E19B4FE41}"
	ProjectSection(SolutionItems) = preProject
		..\LICENSE = ..\LICENSE
		..\reactive.pipes.nuspec = ..\reactive.pipes.nuspec
		..\reactive.pipes.scheduled.nuspec = ..\reactive.pipes.scheduled.nuspec
		..\README.md = ..\README.md
	EndProjectSection
EndProject
Project("{FAE04EC0-301F-11D3-BF4B-00C04F79EFBC}") = "reactive.pipes", "reactive.pipes\reactive.pipes.csproj", "{48EAC778-7A2D-4779-A869-1982AB49BF92}"
EndProject
Project("{FAE04EC0-301F-11D3-BF4B-00C04F79EFBC}") = "reactive.pipes.examples", "reactive.pipes.examples\reactive.pipes.examples.csproj", "{3F1964E7-8EF1-4CC7-B510-571252D92756}"
EndProject
Project("{FAE04EC0-301F-11D3-BF4B-00C04F79EFBC}") = "reactive.pipes.tests", "reactive.pipes.tests\reactive.pipes.tests.csproj", "{904B35EE-BC07-4B62-81AF-20517A0F32C3}"
EndProject
Project("{FAE04EC0-301F-11D3-BF4B-00C04F79EFBC}") = "reactive.pipes.scheduled", "reactive.pipes.scheduled\reactive.pipes.scheduled.csproj", "{DC1E5FE2-2DE8-4C54-B5CC-CF5D64A278AF}"
EndProject
Project("{FAE04EC0-301F-11D3-BF4B-00C04F79EFBC}") = "reactive.pipes.scheduled.tests", "reactive.pipes.scheduled.tests\reactive.pipes.scheduled.tests.csproj", "{AA421AE3-D93B-4F1A-B1FA-2F3807E0CAE8}"
EndProject
Project("{FAE04EC0-301F-11D3-BF4B-00C04F79EFBC}") = "reactive.pipes.netstandard", "reactive.pipes.netstandard\reactive.pipes.netstandard.csproj", "{82EE47AB-9B05-4C3B-A706-AAEE7EB203D9}"
EndProject
Global
	GlobalSection(SolutionConfigurationPlatforms) = preSolution
		Debug|Any CPU = Debug|Any CPU
		Release|Any CPU = Release|Any CPU
	EndGlobalSection
	GlobalSection(ProjectConfigurationPlatforms) = postSolution
		{48EAC778-7A2D-4779-A869-1982AB49BF92}.Debug|Any CPU.ActiveCfg = Debug|Any CPU
		{48EAC778-7A2D-4779-A869-1982AB49BF92}.Debug|Any CPU.Build.0 = Debug|Any CPU
		{48EAC778-7A2D-4779-A869-1982AB49BF92}.Release|Any CPU.ActiveCfg = Release|Any CPU
		{48EAC778-7A2D-4779-A869-1982AB49BF92}.Release|Any CPU.Build.0 = Release|Any CPU
		{3F1964E7-8EF1-4CC7-B510-571252D92756}.Debug|Any CPU.ActiveCfg = Debug|Any CPU
		{3F1964E7-8EF1-4CC7-B510-571252D92756}.Debug|Any CPU.Build.0 = Debug|Any CPU
		{3F1964E7-8EF1-4CC7-B510-571252D92756}.Release|Any CPU.ActiveCfg = Release|Any CPU
		{3F1964E7-8EF1-4CC7-B510-571252D92756}.Release|Any CPU.Build.0 = Release|Any CPU
		{904B35EE-BC07-4B62-81AF-20517A0F32C3}.Debug|Any CPU.ActiveCfg = Debug|Any CPU
		{904B35EE-BC07-4B62-81AF-20517A0F32C3}.Debug|Any CPU.Build.0 = Debug|Any CPU
		{904B35EE-BC07-4B62-81AF-20517A0F32C3}.Release|Any CPU.ActiveCfg = Release|Any CPU
		{904B35EE-BC07-4B62-81AF-20517A0F32C3}.Release|Any CPU.Build.0 = Release|Any CPU
		{DC1E5FE2-2DE8-4C54-B5CC-CF5D64A278AF}.Debug|Any CPU.ActiveCfg = Debug|Any CPU
		{DC1E5FE2-2DE8-4C54-B5CC-CF5D64A278AF}.Debug|Any CPU.Build.0 = Debug|Any CPU
		{DC1E5FE2-2DE8-4C54-B5CC-CF5D64A278AF}.Release|Any CPU.ActiveCfg = Release|Any CPU
		{DC1E5FE2-2DE8-4C54-B5CC-CF5D64A278AF}.Release|Any CPU.Build.0 = Release|Any CPU
		{AA421AE3-D93B-4F1A-B1FA-2F3807E0CAE8}.Debug|Any CPU.ActiveCfg = Debug|Any CPU
		{AA421AE3-D93B-4F1A-B1FA-2F3807E0CAE8}.Debug|Any CPU.Build.0 = Debug|Any CPU
		{AA421AE3-D93B-4F1A-B1FA-2F3807E0CAE8}.Release|Any CPU.ActiveCfg = Release|Any CPU
		{AA421AE3-D93B-4F1A-B1FA-2F3807E0CAE8}.Release|Any CPU.Build.0 = Release|Any CPU
		{82EE47AB-9B05-4C3B-A706-AAEE7EB203D9}.Debug|Any CPU.ActiveCfg = Debug|Any CPU
		{82EE47AB-9B05-4C3B-A706-AAEE7EB203D9}.Debug|Any CPU.Build.0 = Debug|Any CPU
		{82EE47AB-9B05-4C3B-A706-AAEE7EB203D9}.Release|Any CPU.ActiveCfg = Release|Any CPU
		{82EE47AB-9B05-4C3B-A706-AAEE7EB203D9}.Release|Any CPU.Build.0 = Release|Any CPU
	EndGlobalSection
	GlobalSection(SolutionProperties) = preSolution
		HideSolutionNode = FALSE
	EndGlobalSection
EndGlobal
