
Microsoft Visual Studio Solution File, Format Version 12.00
# Visual Studio 14
VisualStudioVersion = 14.0.25123.0
MinimumVisualStudioVersion = 10.0.40219.1
Project("{FAE04EC0-301F-11D3-BF4B-00C04F79EFBC}") = "reactive.pipes", "reactive.pipes\reactive.pipes.csproj", "{48EAC778-7A2D-4779-A869-1982AB49BF92}"
EndProject
Project("{FAE04EC0-301F-11D3-BF4B-00C04F79EFBC}") = "reactive.pipes.examples", "reactive.pipes.examples\reactive.pipes.examples.csproj", "{3F1964E7-8EF1-4CC7-B510-571252D92756}"
EndProject
Project("{2150E333-8FDC-42A3-9474-1A3956D46DE8}") = "Solution Items", "Solution Items", "{86CAB56B-4F45-4CF6-99BF-B21E19B4FE41}"
	ProjectSection(SolutionItems) = preProject
		..\LICENSE = ..\LICENSE
		..\pack-nuget.bat = ..\pack-nuget.bat
		..\push-nuget.bat = ..\push-nuget.bat
		..\reactive.pipes.nuspec = ..\reactive.pipes.nuspec
		..\README.md = ..\README.md
	EndProjectSection
EndProject
Project("{FAE04EC0-301F-11D3-BF4B-00C04F79EFBC}") = "reactive.pipes.scheduled", "reactive.pipes.scheduled\reactive.pipes.scheduled.csproj", "{5604A592-CC5D-4B3A-BAA8-364126E9433E}"
EndProject
Project("{FAE04EC0-301F-11D3-BF4B-00C04F79EFBC}") = "reactive.pipes.tests", "reactive.pipes.tests\reactive.pipes.tests.csproj", "{904B35EE-BC07-4B62-81AF-20517A0F32C3}"
EndProject
Global
	GlobalSection(SolutionConfigurationPlatforms) = preSolution
		Debug|Any CPU = Debug|Any CPU
		Release|Any CPU = Release|Any CPU
	EndGlobalSection
	GlobalSection(ProjectConfigurationPlatforms) = postSolution
		{48EAC778-7A2D-4779-A869-1982AB49BF92}.Debug|Any CPU.ActiveCfg = Debug|Any CPU
		{48EAC778-7A2D-4779-A869-1982AB49BF92}.Debug|Any CPU.Build.0 = Debug|Any CPU
		{48EAC778-7A2D-4779-A869-1982AB49BF92}.Release|Any CPU.ActiveCfg = Release|Any CPU
		{48EAC778-7A2D-4779-A869-1982AB49BF92}.Release|Any CPU.Build.0 = Release|Any CPU
		{3F1964E7-8EF1-4CC7-B510-571252D92756}.Debug|Any CPU.ActiveCfg = Debug|Any CPU
		{3F1964E7-8EF1-4CC7-B510-571252D92756}.Debug|Any CPU.Build.0 = Debug|Any CPU
		{3F1964E7-8EF1-4CC7-B510-571252D92756}.Release|Any CPU.ActiveCfg = Release|Any CPU
		{3F1964E7-8EF1-4CC7-B510-571252D92756}.Release|Any CPU.Build.0 = Release|Any CPU
		{5604A592-CC5D-4B3A-BAA8-364126E9433E}.Debug|Any CPU.ActiveCfg = Debug|Any CPU
		{5604A592-CC5D-4B3A-BAA8-364126E9433E}.Debug|Any CPU.Build.0 = Debug|Any CPU
		{5604A592-CC5D-4B3A-BAA8-364126E9433E}.Release|Any CPU.ActiveCfg = Release|Any CPU
		{5604A592-CC5D-4B3A-BAA8-364126E9433E}.Release|Any CPU.Build.0 = Release|Any CPU
		{904B35EE-BC07-4B62-81AF-20517A0F32C3}.Debug|Any CPU.ActiveCfg = Debug|Any CPU
		{904B35EE-BC07-4B62-81AF-20517A0F32C3}.Debug|Any CPU.Build.0 = Debug|Any CPU
		{904B35EE-BC07-4B62-81AF-20517A0F32C3}.Release|Any CPU.ActiveCfg = Release|Any CPU
		{904B35EE-BC07-4B62-81AF-20517A0F32C3}.Release|Any CPU.Build.0 = Release|Any CPU
	EndGlobalSection
	GlobalSection(SolutionProperties) = preSolution
		HideSolutionNode = FALSE
	EndGlobalSection
EndGlobal
